
Microsoft Visual Studio Solution File, Format Version 12.00
# Visual Studio 15
VisualStudioVersion = 15.0.27130.2036
MinimumVisualStudioVersion = 10.0.40219.1
Project("{8BC9CEB8-8B4A-11D0-8D11-00A0C91BC942}") = "SierraChart", "SierraChart\SierraChart.vcxproj", "{2823C430-62C9-4338-95D3-65956B182DB7}"
EndProject
Project("{911E67C6-3D85-4FCE-B560-20A9C3E3FF48}") = "Zorro", "..\..\..\..\Zorro\Zorro.exe", "{CD5E4CF4-08EA-4799-8025-3076AF2CC8E5}"
	ProjectSection(DebuggerProjectSystem) = preProject
		PortSupplier = 00000000-0000-0000-0000-000000000000
		Executable = C:\ZorroDonSystem\Zorro.exe
		RemoteMachine = NEOV
		StartingDirectory = C:\ZorroBeta
		Environment = Default
		LaunchingEngine = 00000000-0000-0000-0000-000000000000
		UseLegacyDebugEngines = No
		LaunchSQLEngine = No
		AttachLaunchAction = No
	EndProjectSection
EndProject
Global
	GlobalSection(SolutionConfigurationPlatforms) = preSolution
		Debug|x86 = Debug|x86
		Release|x86 = Release|x86
	EndGlobalSection
	GlobalSection(ProjectConfigurationPlatforms) = postSolution
		{2823C430-62C9-4338-95D3-65956B182DB7}.Debug|x86.ActiveCfg = Debug|Win32
		{2823C430-62C9-4338-95D3-65956B182DB7}.Debug|x86.Build.0 = Debug|Win32
		{2823C430-62C9-4338-95D3-65956B182DB7}.Release|x86.ActiveCfg = Release|Win32
		{2823C430-62C9-4338-95D3-65956B182DB7}.Release|x86.Build.0 = Release|Win32
		{CD5E4CF4-08EA-4799-8025-3076AF2CC8E5}.Debug|x86.ActiveCfg = Release|x86
		{CD5E4CF4-08EA-4799-8025-3076AF2CC8E5}.Release|x86.ActiveCfg = Release|x86
	EndGlobalSection
	GlobalSection(SolutionProperties) = preSolution
		HideSolutionNode = FALSE
	EndGlobalSection
	GlobalSection(ExtensibilityGlobals) = postSolution
		SolutionGuid = {7C51555C-D85E-44F9-9339-AB8A8DFC1361}
	EndGlobalSection
EndGlobal
